lockfileVersion: '9.0'

settings:
  autoInstallPeers: true
  excludeLinksFromLockfile: false

overrides:
  '@zucchinifi/merchant-payments': file:vendor/zucchinifi-merchant-payments-0.1.0-alpha.1-0b69276.tgz

importers:

  .:
    dependencies:
      '@solana/wallet-standard-features':
        specifier: 1.4.0
        version: 1.4.0
      '@wallet-standard/app':
        specifier: 1.1.1
        version: 1.1.1
      '@wallet-standard/base':
        specifier: 1.1.1
        version: 1.1.1
      '@wallet-standard/features':
        specifier: 1.1.1
        version: 1.1.1
      '@zucchinifi/merchant-payments':
        specifier: file:vendor/zucchinifi-merchant-payments-0.1.0-alpha.1-0b69276.tgz
        version: file:vendor/zucchinifi-merchant-payments-0.1.0-alpha.1-0b69276.tgz
    devDependencies:
      typescript:
        specifier: 5.9.2
        version: 5.9.2

packages:

  '@solana/wallet-standard-features@1.4.0':
    resolution: {integrity: sha512-f0tAdqwM2aL6CiFbIgt9h5zKFp+mgY/iNGwoxPMTj9VSTeQj7d1GGSmWhZw0XWoZ4N/1tnKTKmYFq+Dyq08jRw==}
    engines: {node: '>=22'}

  '@wallet-standard/app@1.1.1':
    resolution: {integrity: sha512-WDGwoByhP5gwHH01r5EaLgQdLVkACPCdOMQhmhn8rsm10h/siSgTorShzBxrn0ExSPof+Lu+C3TfgqBrPa1xoQ==}
    engines: {node: '>=22'}

  '@wallet-standard/base@1.1.1':
    resolution: {integrity: sha512-gggIHTtxicF9XFMQ12DkfS6NAG92Ak795JeSA7f2whAQ6Y3AkMWWuCMxSZXG2NIPN42kEaZSNVjqMsJRaJRxMQ==}
    engines: {node: '>=22'}

  '@wallet-standard/features@1.1.1':
    resolution: {integrity: sha512-aCWYmVeSCGViyEU5k7GMoW8zxE4Gs+C1s1Pp2XLesvSNlnZ4PMES9HUnTB3hl0b3RVj7C61yze3IWyrncqg4MA==}
    engines: {node: '>=22'}

  '@zucchinifi/merchant-payments@file:vendor/zucchinifi-merchant-payments-0.1.0-alpha.1-0b69276.tgz':
    resolution: {integrity: sha512-t+5cnpFZVzaaeVzTyzCG9LpFkJIMmq2J4fG3v/XysezoWTlzH7QTS8jGgX6oA4a0WqSDElnfSOe2q/0sArWKcg==, tarball: file:vendor/zucchinifi-merchant-payments-0.1.0-alpha.1-0b69276.tgz}
    version: 0.1.0-alpha.1
    engines: {node: '>=22.19'}

  typescript@5.9.2:
    resolution: {integrity: sha512-CWBzXQrc/qOkhidw1OzBTQuYRbfyxDXJMVJ1XNwUHGROVmuaeiEm3OslpZ1RV96d7SKKjZKrSJu3+t/xlw3R9A==}
    engines: {node: '>=14.17'}
    hasBin: true

snapshots:

  '@solana/wallet-standard-features@1.4.0':
    dependencies:
      '@wallet-standard/base': 1.1.1
      '@wallet-standard/features': 1.1.1

  '@wallet-standard/app@1.1.1':
    dependencies:
      '@wallet-standard/base': 1.1.1

  '@wallet-standard/base@1.1.1': {}

  '@wallet-standard/features@1.1.1':
    dependencies:
      '@wallet-standard/base': 1.1.1

  '@zucchinifi/merchant-payments@file:vendor/zucchinifi-merchant-payments-0.1.0-alpha.1-0b69276.tgz': {}

  typescript@5.9.2: {}
